
Microsoft Visual Studio Solution File, Format Version 12.00
# Visual Studio Version 16
VisualStudioVersion = 16.0.30804.86
MinimumVisualStudioVersion = 10.0.40219.1
Project("{FAE04EC0-301F-11D3-BF4B-00C04F79EFBC}") = "StopWatch2", "StopWatch2\StopWatch2.csproj", "{61D774A8-4591-4167-A589-1D73EC4030A9}"
EndProject
Global
	GlobalSection(SolutionConfigurationPlatforms) = preSolution
		Debug|Any CPU = Debug|Any CPU
		Release|Any CPU = Release|Any CPU
	EndGlobalSection
	GlobalSection(ProjectConfigurationPlatforms) = postSolution
		{61D774A8-4591-4167-A589-1D73EC4030A9}.Debug|Any CPU.ActiveCfg = Debug|Any CPU
		{61D774A8-4591-4167-A589-1D73EC4030A9}.Debug|Any CPU.Build.0 = Debug|Any CPU
		{61D774A8-4591-4167-A589-1D73EC4030A9}.Release|Any CPU.ActiveCfg = Release|Any CPU
		{61D774A8-4591-4167-A589-1D73EC4030A9}.Release|Any CPU.Build.0 = Release|Any CPU
	EndGlobalSection
	GlobalSection(SolutionProperties) = preSolution
		HideSolutionNode = FALSE
	EndGlobalSection
	GlobalSection(ExtensibilityGlobals) = postSolution
		SolutionGuid = {0E02E202-BEF0-42E6-AC8E-0814B854847E}
	EndGlobalSection
EndGlobal
